
Microsoft Visual Studio Solution File, Format Version 12.00
# Visual Studio Version 16
VisualStudioVersion = 16.0.29102.190
MinimumVisualStudioVersion = 10.0.40219.1
Project("{FAE04EC0-301F-11D3-BF4B-00C04F79EFBC}") = "ClassesTestar", "ClassesTestar\ClassesTestar.csproj", "{CFCE4243-4D25-48E9-ADE2-DA71ED4CF261}"
EndProject
Project("{FAE04EC0-301F-11D3-BF4B-00C04F79EFBC}") = "ClassesTestarTest", "ClassesTestarTest\ClassesTestarTest.csproj", "{87289718-7720-428F-B9D6-BC3F7433E1AB}"
EndProject
Global
	GlobalSection(SolutionConfigurationPlatforms) = preSolution
		Debug|Any CPU = Debug|Any CPU
		Release|Any CPU = Release|Any CPU
	EndGlobalSection
	GlobalSection(ProjectConfigurationPlatforms) = postSolution
		{CFCE4243-4D25-48E9-ADE2-DA71ED4CF261}.Debug|Any CPU.ActiveCfg = Debug|Any CPU
		{CFCE4243-4D25-48E9-ADE2-DA71ED4CF261}.Debug|Any CPU.Build.0 = Debug|Any CPU
		{CFCE4243-4D25-48E9-ADE2-DA71ED4CF261}.Release|Any CPU.ActiveCfg = Release|Any CPU
		{CFCE4243-4D25-48E9-ADE2-DA71ED4CF261}.Release|Any CPU.Build.0 = Release|Any CPU
		{87289718-7720-428F-B9D6-BC3F7433E1AB}.Debug|Any CPU.ActiveCfg = Debug|Any CPU
		{87289718-7720-428F-B9D6-BC3F7433E1AB}.Debug|Any CPU.Build.0 = Debug|Any CPU
		{87289718-7720-428F-B9D6-BC3F7433E1AB}.Release|Any CPU.ActiveCfg = Release|Any CPU
		{87289718-7720-428F-B9D6-BC3F7433E1AB}.Release|Any CPU.Build.0 = Release|Any CPU
	EndGlobalSection
	GlobalSection(SolutionProperties) = preSolution
		HideSolutionNode = FALSE
	EndGlobalSection
	GlobalSection(ExtensibilityGlobals) = postSolution
		SolutionGuid = {565AF862-33D4-44F7-AC86-FD9C344F30D4}
	EndGlobalSection
EndGlobal
